
Microsoft Visual Studio Solution File, Format Version 12.00
Project("{FAE04EC0-301F-11D3-BF4B-00C04F79EFBC}") = "Users", "Server\Microservices\Users\Users.csproj", "{C5EE3A7C-85F6-41F7-877E-5EEA8D82A13E}"
EndProject
Project("{FAE04EC0-301F-11D3-BF4B-00C04F79EFBC}") = "Mailer", "Server\Microservices\Mailer\Mailer.csproj", "{B30A9C18-9526-4F0B-BAFE-D698C396A90D}"
EndProject
Project("{FAE04EC0-301F-11D3-BF4B-00C04F79EFBC}") = "Gateway", "Server\Gateway\Gateway.csproj", "{FD4224D6-8C4F-43C2-A7BF-9E4334FFCE63}"
EndProject
Project("{FAE04EC0-301F-11D3-BF4B-00C04F79EFBC}") = "Tasks", "Server\Microservices\Tasks\Tasks.csproj", "{5144AB14-AD97-46CD-8423-4409CAB28742}"
EndProject
Project("{FAE04EC0-301F-11D3-BF4B-00C04F79EFBC}") = "Types", "Types\Types.csproj", "{5D2078EA-6BA7-4830-9EFE-58EE95D1D024}"
EndProject
Project("{FAE04EC0-301F-11D3-BF4B-00C04F79EFBC}") = "WebClient", "WebClient\WebClient.csproj", "{DE8B74BF-9EE9-4396-9FAA-F7A8A9D43361}"
EndProject
Project("{FAE04EC0-301F-11D3-BF4B-00C04F79EFBC}") = "Common", "Server\Common\Common.csproj", "{DCFD8E7F-03BE-4E77-898D-F5CC144B909F}"
EndProject
Project("{FAE04EC0-301F-11D3-BF4B-00C04F79EFBC}") = "Solutions", "Server\Microservices\Solutions\Solutions.csproj", "{145BD275-2FFA-4C08-937E-8E2566DEFDD7}"
EndProject
Project("{FAE04EC0-301F-11D3-BF4B-00C04F79EFBC}") = "ExecutorTemplate", "Server\Executors\ExecutorTemplate\ExecutorTemplate.csproj", "{A5831297-E0DF-4A1D-86C3-CE2B1FF3EC3D}"
EndProject
Project("{FAE04EC0-301F-11D3-BF4B-00C04F79EFBC}") = "JavaScript_Node_v18_15_0", "Server\Executors\JavaScript\JavaScript_Node_v18_15_0\JavaScript_Node_v18_15_0.csproj", "{2D883918-EB97-48BB-84E8-2C2FEC280D45}"
EndProject
Project("{FAE04EC0-301F-11D3-BF4B-00C04F79EFBC}") = "Executions", "Server\Microservices\Executions\Executions.csproj", "{38B2D642-DCEB-4CE8-905A-C5E70290F0C1}"
EndProject
Global
	GlobalSection(SolutionConfigurationPlatforms) = preSolution
		Debug|Any CPU = Debug|Any CPU
		Release|Any CPU = Release|Any CPU
	EndGlobalSection
	GlobalSection(ProjectConfigurationPlatforms) = postSolution
		{C5EE3A7C-85F6-41F7-877E-5EEA8D82A13E}.Debug|Any CPU.ActiveCfg = Debug|Any CPU
		{C5EE3A7C-85F6-41F7-877E-5EEA8D82A13E}.Debug|Any CPU.Build.0 = Debug|Any CPU
		{C5EE3A7C-85F6-41F7-877E-5EEA8D82A13E}.Release|Any CPU.ActiveCfg = Release|Any CPU
		{C5EE3A7C-85F6-41F7-877E-5EEA8D82A13E}.Release|Any CPU.Build.0 = Release|Any CPU
		{B30A9C18-9526-4F0B-BAFE-D698C396A90D}.Debug|Any CPU.ActiveCfg = Debug|Any CPU
		{B30A9C18-9526-4F0B-BAFE-D698C396A90D}.Debug|Any CPU.Build.0 = Debug|Any CPU
		{B30A9C18-9526-4F0B-BAFE-D698C396A90D}.Release|Any CPU.ActiveCfg = Release|Any CPU
		{B30A9C18-9526-4F0B-BAFE-D698C396A90D}.Release|Any CPU.Build.0 = Release|Any CPU
		{FD4224D6-8C4F-43C2-A7BF-9E4334FFCE63}.Debug|Any CPU.ActiveCfg = Debug|Any CPU
		{FD4224D6-8C4F-43C2-A7BF-9E4334FFCE63}.Debug|Any CPU.Build.0 = Debug|Any CPU
		{FD4224D6-8C4F-43C2-A7BF-9E4334FFCE63}.Release|Any CPU.ActiveCfg = Release|Any CPU
		{FD4224D6-8C4F-43C2-A7BF-9E4334FFCE63}.Release|Any CPU.Build.0 = Release|Any CPU
		{5144AB14-AD97-46CD-8423-4409CAB28742}.Debug|Any CPU.ActiveCfg = Debug|Any CPU
		{5144AB14-AD97-46CD-8423-4409CAB28742}.Debug|Any CPU.Build.0 = Debug|Any CPU
		{5144AB14-AD97-46CD-8423-4409CAB28742}.Release|Any CPU.ActiveCfg = Release|Any CPU
		{5144AB14-AD97-46CD-8423-4409CAB28742}.Release|Any CPU.Build.0 = Release|Any CPU
		{5D2078EA-6BA7-4830-9EFE-58EE95D1D024}.Debug|Any CPU.ActiveCfg = Debug|Any CPU
		{5D2078EA-6BA7-4830-9EFE-58EE95D1D024}.Debug|Any CPU.Build.0 = Debug|Any CPU
		{5D2078EA-6BA7-4830-9EFE-58EE95D1D024}.Release|Any CPU.ActiveCfg = Release|Any CPU
		{5D2078EA-6BA7-4830-9EFE-58EE95D1D024}.Release|Any CPU.Build.0 = Release|Any CPU
		{DE8B74BF-9EE9-4396-9FAA-F7A8A9D43361}.Debug|Any CPU.ActiveCfg = Debug|Any CPU
		{DE8B74BF-9EE9-4396-9FAA-F7A8A9D43361}.Debug|Any CPU.Build.0 = Debug|Any CPU
		{DE8B74BF-9EE9-4396-9FAA-F7A8A9D43361}.Release|Any CPU.ActiveCfg = Release|Any CPU
		{DE8B74BF-9EE9-4396-9FAA-F7A8A9D43361}.Release|Any CPU.Build.0 = Release|Any CPU
		{DCFD8E7F-03BE-4E77-898D-F5CC144B909F}.Debug|Any CPU.ActiveCfg = Debug|Any CPU
		{DCFD8E7F-03BE-4E77-898D-F5CC144B909F}.Debug|Any CPU.Build.0 = Debug|Any CPU
		{DCFD8E7F-03BE-4E77-898D-F5CC144B909F}.Release|Any CPU.ActiveCfg = Release|Any CPU
		{DCFD8E7F-03BE-4E77-898D-F5CC144B909F}.Release|Any CPU.Build.0 = Release|Any CPU
		{145BD275-2FFA-4C08-937E-8E2566DEFDD7}.Debug|Any CPU.ActiveCfg = Debug|Any CPU
		{145BD275-2FFA-4C08-937E-8E2566DEFDD7}.Debug|Any CPU.Build.0 = Debug|Any CPU
		{145BD275-2FFA-4C08-937E-8E2566DEFDD7}.Release|Any CPU.ActiveCfg = Release|Any CPU
		{145BD275-2FFA-4C08-937E-8E2566DEFDD7}.Release|Any CPU.Build.0 = Release|Any CPU
		{A5831297-E0DF-4A1D-86C3-CE2B1FF3EC3D}.Debug|Any CPU.ActiveCfg = Debug|Any CPU
		{A5831297-E0DF-4A1D-86C3-CE2B1FF3EC3D}.Debug|Any CPU.Build.0 = Debug|Any CPU
		{A5831297-E0DF-4A1D-86C3-CE2B1FF3EC3D}.Release|Any CPU.ActiveCfg = Release|Any CPU
		{A5831297-E0DF-4A1D-86C3-CE2B1FF3EC3D}.Release|Any CPU.Build.0 = Release|Any CPU
		{2D883918-EB97-48BB-84E8-2C2FEC280D45}.Debug|Any CPU.ActiveCfg = Debug|Any CPU
		{2D883918-EB97-48BB-84E8-2C2FEC280D45}.Debug|Any CPU.Build.0 = Debug|Any CPU
		{2D883918-EB97-48BB-84E8-2C2FEC280D45}.Release|Any CPU.ActiveCfg = Release|Any CPU
		{2D883918-EB97-48BB-84E8-2C2FEC280D45}.Release|Any CPU.Build.0 = Release|Any CPU
		{38B2D642-DCEB-4CE8-905A-C5E70290F0C1}.Debug|Any CPU.ActiveCfg = Debug|Any CPU
		{38B2D642-DCEB-4CE8-905A-C5E70290F0C1}.Debug|Any CPU.Build.0 = Debug|Any CPU
		{38B2D642-DCEB-4CE8-905A-C5E70290F0C1}.Release|Any CPU.ActiveCfg = Release|Any CPU
		{38B2D642-DCEB-4CE8-905A-C5E70290F0C1}.Release|Any CPU.Build.0 = Release|Any CPU
	EndGlobalSection
EndGlobal
